
Microsoft Visual Studio Solution File, Format Version 12.00
# Visual Studio Version 16
VisualStudioVersion = 16.0.30309.148
MinimumVisualStudioVersion = 10.0.40219.1
Project("{FAE04EC0-301F-11D3-BF4B-00C04F79EFBC}") = "TxtDownload", "TxtDownload.csproj", "{07B24A3F-ABB1-4A18-BC99-1DE47B8F358F}"
EndProject
Global
	GlobalSection(SolutionConfigurationPlatforms) = preSolution
		Debug|Any CPU = Debug|Any CPU
		Release|Any CPU = Release|Any CPU
	EndGlobalSection
	GlobalSection(ProjectConfigurationPlatforms) = postSolution
		{07B24A3F-ABB1-4A18-BC99-1DE47B8F358F}.Debug|Any CPU.ActiveCfg = Debug|Any CPU
		{07B24A3F-ABB1-4A18-BC99-1DE47B8F358F}.Debug|Any CPU.Build.0 = Debug|Any CPU
		{07B24A3F-ABB1-4A18-BC99-1DE47B8F358F}.Release|Any CPU.ActiveCfg = Release|Any CPU
		{07B24A3F-ABB1-4A18-BC99-1DE47B8F358F}.Release|Any CPU.Build.0 = Release|Any CPU
	EndGlobalSection
	GlobalSection(SolutionProperties) = preSolution
		HideSolutionNode = FALSE
	EndGlobalSection
	GlobalSection(ExtensibilityGlobals) = postSolution
		SolutionGuid = {78FAAFBB-DFD4-4D08-B8D8-5CFFB995ABB1}
	EndGlobalSection
EndGlobal
